{
    "version": 3,
    "terraform_version": "0.11.13",
    "serial": 8,
    "lineage": "13eac497-66b2-4695-f4c5-db252b1563c8",
    "modules": [
        {
            "path": [
                "root"
            ],
            "outputs": {},
            "resources": {
                "google_compute_address.ip-1": {
                    "type": "google_compute_address",
                    "depends_on": [],
                    "primary": {
                        "id": "speedy-filament-237716/europe-west3/sda1-ip",
                        "attributes": {
                            "address": "35.242.201.208",
                            "address_type": "EXTERNAL",
                            "creation_timestamp": "2019-04-25T11:06:15.229-07:00",
                            "description": "",
                            "id": "speedy-filament-237716/europe-west3/sda1-ip",
                            "name": "sda1-ip",
                            "network_tier": "PREMIUM",
                            "project": "speedy-filament-237716",
                            "region": "europe-west3",
                            "self_link": "https://www.googleapis.com/compute/v1/projects/speedy-filament-237716/regions/europe-west3/addresses/sda1-ip",
                            "subnetwork": "",
                            "users.#": "0"
                        },
                        "meta": {
                            "e2bfb730-ecaa-11e6-8f88-34363bc7c4c0": {
                                "create": 240000000000,
                                "delete": 240000000000
                            }
                        },
                        "tainted": false
                    },
                    "deposed": [],
                    "provider": "provider.google"
                },
                "google_compute_instance.sda1": {
                    "type": "google_compute_instance",
                    "depends_on": [
                        "google_compute_address.ip-1",
                        "google_compute_network.vpc-network-1"
                    ],
                    "primary": {
                        "id": "sda1",
                        "attributes": {
                            "attached_disk.#": "0",
                            "boot_disk.#": "1",
                            "boot_disk.0.auto_delete": "true",
                            "boot_disk.0.device_name": "persistent-disk-0",
                            "boot_disk.0.disk_encryption_key_raw": "",
                            "boot_disk.0.disk_encryption_key_sha256": "",
                            "boot_disk.0.initialize_params.#": "1",
                            "boot_disk.0.initialize_params.0.image": "https://www.googleapis.com/compute/v1/projects/ubuntu-os-cloud/global/images/ubuntu-1804-bionic-v20190404",
                            "boot_disk.0.initialize_params.0.size": "30",
                            "boot_disk.0.initialize_params.0.type": "pd-standard",
                            "boot_disk.0.source": "https://www.googleapis.com/compute/v1/projects/speedy-filament-237716/zones/europe-west3-c/disks/sda1",
                            "can_ip_forward": "false",
                            "cpu_platform": "Intel Broadwell",
                            "deletion_protection": "false",
                            "guest_accelerator.#": "0",
                            "hostname": "",
                            "id": "sda1",
                            "instance_id": "6692259322298911142",
                            "label_fingerprint": "42WmSpB8rSM=",
                            "labels.%": "0",
                            "machine_type": "g1-small",
                            "metadata.%": "0",
                            "metadata_fingerprint": "ThvTSHGnyFo=",
                            "metadata_startup_script": "",
                            "min_cpu_platform": "",
                            "name": "sda1",
                            "network_interface.#": "1",
                            "network_interface.0.access_config.#": "1",
                            "network_interface.0.access_config.0.assigned_nat_ip": "",
                            "network_interface.0.access_config.0.nat_ip": "35.242.201.208",
                            "network_interface.0.access_config.0.network_tier": "PREMIUM",
                            "network_interface.0.access_config.0.public_ptr_domain_name": "",
                            "network_interface.0.address": "",
                            "network_interface.0.alias_ip_range.#": "0",
                            "network_interface.0.name": "nic0",
                            "network_interface.0.network": "https://www.googleapis.com/compute/v1/projects/speedy-filament-237716/global/networks/sda-vpc-network-1",
                            "network_interface.0.network_ip": "10.156.0.3",
                            "network_interface.0.subnetwork": "https://www.googleapis.com/compute/v1/projects/speedy-filament-237716/regions/europe-west3/subnetworks/sda-vpc-network-1",
                            "network_interface.0.subnetwork_project": "speedy-filament-237716",
                            "project": "speedy-filament-237716",
                            "scheduling.#": "1",
                            "scheduling.0.automatic_restart": "true",
                            "scheduling.0.on_host_maintenance": "MIGRATE",
                            "scheduling.0.preemptible": "false",
                            "scratch_disk.#": "0",
                            "self_link": "https://www.googleapis.com/compute/v1/projects/speedy-filament-237716/zones/europe-west3-c/instances/sda1",
                            "service_account.#": "0",
                            "tags.#": "0",
                            "tags_fingerprint": "42WmSpB8rSM=",
                            "zone": "europe-west3-c"
                        },
                        "meta": {
                            "e2bfb730-ecaa-11e6-8f88-34363bc7c4c0": {
                                "create": 360000000000,
                                "delete": 360000000000,
                                "update": 360000000000
                            },
                            "schema_version": "6"
                        },
                        "tainted": false
                    },
                    "deposed": [],
                    "provider": "provider.google"
                },
                "google_compute_instance.sda2": {
                    "type": "google_compute_instance",
                    "depends_on": [
                        "google_compute_network.vpc-network-1"
                    ],
                    "primary": {
                        "id": "sda2",
                        "attributes": {
                            "attached_disk.#": "0",
                            "boot_disk.#": "1",
                            "boot_disk.0.auto_delete": "true",
                            "boot_disk.0.device_name": "persistent-disk-0",
                            "boot_disk.0.disk_encryption_key_raw": "",
                            "boot_disk.0.disk_encryption_key_sha256": "",
                            "boot_disk.0.initialize_params.#": "1",
                            "boot_disk.0.initialize_params.0.image": "https://www.googleapis.com/compute/v1/projects/ubuntu-os-cloud/global/images/ubuntu-1804-bionic-v20190404",
                            "boot_disk.0.initialize_params.0.size": "10",
                            "boot_disk.0.initialize_params.0.type": "pd-standard",
                            "boot_disk.0.source": "https://www.googleapis.com/compute/v1/projects/speedy-filament-237716/zones/europe-west3-c/disks/sda2",
                            "can_ip_forward": "false",
                            "cpu_platform": "Intel Broadwell",
                            "deletion_protection": "false",
                            "guest_accelerator.#": "0",
                            "hostname": "",
                            "id": "sda2",
                            "instance_id": "9070006174311270822",
                            "label_fingerprint": "42WmSpB8rSM=",
                            "labels.%": "0",
                            "machine_type": "g1-small",
                            "metadata.%": "0",
                            "metadata_fingerprint": "ThvTSHGnyFo=",
                            "metadata_startup_script": "",
                            "min_cpu_platform": "",
                            "name": "sda2",
                            "network_interface.#": "1",
                            "network_interface.0.access_config.#": "0",
                            "network_interface.0.address": "",
                            "network_interface.0.alias_ip_range.#": "0",
                            "network_interface.0.name": "nic0",
                            "network_interface.0.network": "https://www.googleapis.com/compute/v1/projects/speedy-filament-237716/global/networks/sda-vpc-network-1",
                            "network_interface.0.network_ip": "10.156.0.2",
                            "network_interface.0.subnetwork": "https://www.googleapis.com/compute/v1/projects/speedy-filament-237716/regions/europe-west3/subnetworks/sda-vpc-network-1",
                            "network_interface.0.subnetwork_project": "speedy-filament-237716",
                            "project": "speedy-filament-237716",
                            "scheduling.#": "1",
                            "scheduling.0.automatic_restart": "true",
                            "scheduling.0.on_host_maintenance": "MIGRATE",
                            "scheduling.0.preemptible": "false",
                            "scratch_disk.#": "0",
                            "self_link": "https://www.googleapis.com/compute/v1/projects/speedy-filament-237716/zones/europe-west3-c/instances/sda2",
                            "service_account.#": "0",
                            "tags.#": "0",
                            "tags_fingerprint": "42WmSpB8rSM=",
                            "zone": "europe-west3-c"
                        },
                        "meta": {
                            "e2bfb730-ecaa-11e6-8f88-34363bc7c4c0": {
                                "create": 360000000000,
                                "delete": 360000000000,
                                "update": 360000000000
                            },
                            "schema_version": "6"
                        },
                        "tainted": false
                    },
                    "deposed": [],
                    "provider": "provider.google"
                },
                "google_compute_instance.sda3": {
                    "type": "google_compute_instance",
                    "depends_on": [
                        "google_compute_network.vpc-network-2"
                    ],
                    "primary": {
                        "id": "sda3",
                        "attributes": {
                            "attached_disk.#": "0",
                            "boot_disk.#": "1",
                            "boot_disk.0.auto_delete": "true",
                            "boot_disk.0.device_name": "persistent-disk-0",
                            "boot_disk.0.disk_encryption_key_raw": "",
                            "boot_disk.0.disk_encryption_key_sha256": "",
                            "boot_disk.0.initialize_params.#": "1",
                            "boot_disk.0.initialize_params.0.image": "https://www.googleapis.com/compute/v1/projects/ubuntu-os-cloud/global/images/ubuntu-1804-bionic-v20190404",
                            "boot_disk.0.initialize_params.0.size": "10",
                            "boot_disk.0.initialize_params.0.type": "pd-standard",
                            "boot_disk.0.source": "https://www.googleapis.com/compute/v1/projects/speedy-filament-237716/zones/asia-northeast1-a/disks/sda3",
                            "can_ip_forward": "false",
                            "cpu_platform": "Intel Broadwell",
                            "deletion_protection": "false",
                            "guest_accelerator.#": "0",
                            "hostname": "",
                            "id": "sda3",
                            "instance_id": "7338394928158624189",
                            "label_fingerprint": "42WmSpB8rSM=",
                            "labels.%": "0",
                            "machine_type": "g1-small",
                            "metadata.%": "0",
                            "metadata_fingerprint": "ThvTSHGnyFo=",
                            "metadata_startup_script": "",
                            "min_cpu_platform": "",
                            "name": "sda3",
                            "network_interface.#": "1",
                            "network_interface.0.access_config.#": "0",
                            "network_interface.0.address": "",
                            "network_interface.0.alias_ip_range.#": "0",
                            "network_interface.0.name": "nic0",
                            "network_interface.0.network": "https://www.googleapis.com/compute/v1/projects/speedy-filament-237716/global/networks/sda-vpc-network-2",
                            "network_interface.0.network_ip": "10.146.0.2",
                            "network_interface.0.subnetwork": "https://www.googleapis.com/compute/v1/projects/speedy-filament-237716/regions/asia-northeast1/subnetworks/sda-vpc-network-2",
                            "network_interface.0.subnetwork_project": "speedy-filament-237716",
                            "project": "speedy-filament-237716",
                            "scheduling.#": "1",
                            "scheduling.0.automatic_restart": "true",
                            "scheduling.0.on_host_maintenance": "MIGRATE",
                            "scheduling.0.preemptible": "false",
                            "scratch_disk.#": "0",
                            "self_link": "https://www.googleapis.com/compute/v1/projects/speedy-filament-237716/zones/asia-northeast1-a/instances/sda3",
                            "service_account.#": "0",
                            "tags.#": "0",
                            "tags_fingerprint": "42WmSpB8rSM=",
                            "zone": "asia-northeast1-a"
                        },
                        "meta": {
                            "e2bfb730-ecaa-11e6-8f88-34363bc7c4c0": {
                                "create": 360000000000,
                                "delete": 360000000000,
                                "update": 360000000000
                            },
                            "schema_version": "6"
                        },
                        "tainted": false
                    },
                    "deposed": [],
                    "provider": "provider.google"
                },
                "google_compute_network.vpc-network-1": {
                    "type": "google_compute_network",
                    "depends_on": [],
                    "primary": {
                        "id": "sda-vpc-network-1",
                        "attributes": {
                            "auto_create_subnetworks": "true",
                            "delete_default_routes_on_create": "false",
                            "description": "",
                            "gateway_ipv4": "",
                            "id": "sda-vpc-network-1",
                            "ipv4_range": "",
                            "name": "sda-vpc-network-1",
                            "project": "speedy-filament-237716",
                            "routing_mode": "REGIONAL",
                            "self_link": "https://www.googleapis.com/compute/v1/projects/speedy-filament-237716/global/networks/sda-vpc-network-1"
                        },
                        "meta": {
                            "e2bfb730-ecaa-11e6-8f88-34363bc7c4c0": {
                                "create": 240000000000,
                                "delete": 240000000000,
                                "update": 240000000000
                            }
                        },
                        "tainted": false
                    },
                    "deposed": [],
                    "provider": "provider.google"
                },
                "google_compute_network.vpc-network-2": {
                    "type": "google_compute_network",
                    "depends_on": [],
                    "primary": {
                        "id": "sda-vpc-network-2",
                        "attributes": {
                            "auto_create_subnetworks": "true",
                            "delete_default_routes_on_create": "false",
                            "description": "",
                            "gateway_ipv4": "",
                            "id": "sda-vpc-network-2",
                            "ipv4_range": "",
                            "name": "sda-vpc-network-2",
                            "project": "speedy-filament-237716",
                            "routing_mode": "REGIONAL",
                            "self_link": "https://www.googleapis.com/compute/v1/projects/speedy-filament-237716/global/networks/sda-vpc-network-2"
                        },
                        "meta": {
                            "e2bfb730-ecaa-11e6-8f88-34363bc7c4c0": {
                                "create": 240000000000,
                                "delete": 240000000000,
                                "update": 240000000000
                            }
                        },
                        "tainted": false
                    },
                    "deposed": [],
                    "provider": "provider.google"
                }
            },
            "depends_on": []
        }
    ]
}
